
Microsoft Visual Studio Solution File, Format Version 12.00
# Visual Studio Version 17
VisualStudioVersion = 17.10.35004.147
MinimumVisualStudioVersion = 10.0.40219.1
Project("{FAE04EC0-301F-11D3-BF4B-00C04F79EFBC}") = "stringek2", "stringek2\stringek2.csproj", "{A6F55277-A382-4329-9527-E79BD6E9F0DA}"
EndProject
Global
	GlobalSection(SolutionConfigurationPlatforms) = preSolution
		Debug|Any CPU = Debug|Any CPU
		Release|Any CPU = Release|Any CPU
	EndGlobalSection
	GlobalSection(ProjectConfigurationPlatforms) = postSolution
		{A6F55277-A382-4329-9527-E79BD6E9F0DA}.Debug|Any CPU.ActiveCfg = Debug|Any CPU
		{A6F55277-A382-4329-9527-E79BD6E9F0DA}.Debug|Any CPU.Build.0 = Debug|Any CPU
		{A6F55277-A382-4329-9527-E79BD6E9F0DA}.Release|Any CPU.ActiveCfg = Release|Any CPU
		{A6F55277-A382-4329-9527-E79BD6E9F0DA}.Release|Any CPU.Build.0 = Release|Any CPU
	EndGlobalSection
	GlobalSection(SolutionProperties) = preSolution
		HideSolutionNode = FALSE
	EndGlobalSection
	GlobalSection(ExtensibilityGlobals) = postSolution
		SolutionGuid = {93CC39CD-BD80-46DB-9461-B5DE9027583E}
	EndGlobalSection
EndGlobal
